
Microsoft Visual Studio Solution File, Format Version 12.00
# Visual Studio Version 16
VisualStudioVersion = 16.0.29613.14
MinimumVisualStudioVersion = 10.0.40219.1
Project("{9A19103F-16F7-4668-BE54-9A1E7A4F7556}") = "Colinapp.Util", "Colinapp.Util\Colinapp.Util.csproj", "{C1A49172-BD2D-4CF0-8E32-04B159AF267B}"
EndProject
Project("{2150E333-8FDC-42A3-9474-1A3956D46DE8}") = "01 Framework 基础模块", "01 Framework 基础模块", "{15F646B7-CA18-4E33-9B73-82B637A7161A}"
EndProject
Project("{2150E333-8FDC-42A3-9474-1A3956D46DE8}") = "01 Util 实用类模块", "01 Util 实用类模块", "{413D38BB-5E56-460E-9E51-0B758902A68A}"
EndProject
Project("{2150E333-8FDC-42A3-9474-1A3956D46DE8}") = "02 DataAccess 数据库模块", "02 DataAccess 数据库模块", "{CFE22C75-5830-4247-9F30-1BA43CF4814A}"
EndProject
Project("{2150E333-8FDC-42A3-9474-1A3956D46DE8}") = "02 Cache 数据缓存", "02 Cache 数据缓存", "{6E441091-3DC0-4C8B-881D-DFB8052C1903}"
EndProject
Project("{9A19103F-16F7-4668-BE54-9A1E7A4F7556}") = "Colinapp.Cache", "Colinapp.Cache\Colinapp.Cache.csproj", "{F91142F6-738D-4008-A60A-C9C5331EF768}"
EndProject
Project("{2150E333-8FDC-42A3-9474-1A3956D46DE8}") = "03 ApplicationModule 应用模块", "03 ApplicationModule 应用模块", "{7DC19C87-BD88-4CCB-80A0-4BBE9CFF9E8A}"
EndProject
Project("{2150E333-8FDC-42A3-9474-1A3956D46DE8}") = "04 WebApi API接口", "04 WebApi API接口", "{38C100C0-A4C6-44DB-88FE-923F6D4C821F}"
EndProject
Project("{2150E333-8FDC-42A3-9474-1A3956D46DE8}") = "05 Application 应用界面", "05 Application 应用界面", "{2669F788-1E69-498C-8866-6001EE237F25}"
EndProject
Project("{2150E333-8FDC-42A3-9474-1A3956D46DE8}") = "06 NunitTest 单元测试", "06 NunitTest 单元测试", "{8A2CC845-81C8-4523-8990-BE2EC2FB3622}"
EndProject
Project("{2150E333-8FDC-42A3-9474-1A3956D46DE8}") = "01 DataEF 数据库访问框架", "01 DataEF 数据库访问框架", "{C99EAAEA-35F6-4721-9A2D-D8F575A4E21C}"
EndProject
Project("{9A19103F-16F7-4668-BE54-9A1E7A4F7556}") = "Colinapp.Data.EF", "Colinapp.Data.EF\Colinapp.Data.EF.csproj", "{226F97F2-86BB-4A9E-8511-96E26C997764}"
EndProject
Project("{2150E333-8FDC-42A3-9474-1A3956D46DE8}") = "07 Console 控制台程序", "07 Console 控制台程序", "{A44BBC5C-C497-48AA-9E98-1EEF5B7AFE28}"
EndProject
Project("{2150E333-8FDC-42A3-9474-1A3956D46DE8}") = "01 数据库实体映射", "01 数据库实体映射", "{9D6B7671-B5A4-4CDA-BCA6-9170DD09182E}"
EndProject
Project("{2150E333-8FDC-42A3-9474-1A3956D46DE8}") = "02 数据库实体", "02 数据库实体", "{45900A17-0208-467C-9E86-8D4066AAAE17}"
EndProject
Project("{9A19103F-16F7-4668-BE54-9A1E7A4F7556}") = "ColinApp.Application.Mapping", "ColinApp.Application.Mapping\ColinApp.Application.Mapping.csproj", "{0D416424-A741-469F-955F-690BAE722FD4}"
EndProject
Project("{2150E333-8FDC-42A3-9474-1A3956D46DE8}") = "08 Doc 文档", "08 Doc 文档", "{C8D93117-225B-4C5B-95D2-1343E7F3392A}"
EndProject
Project("{2150E333-8FDC-42A3-9474-1A3956D46DE8}") = "02 Data 基础数据", "02 Data 基础数据", "{DC5722BC-1D00-401A-8C96-3AE987B924EE}"
EndProject
Global
	GlobalSection(SolutionConfigurationPlatforms) = preSolution
		Debug|Any CPU = Debug|Any CPU
		Release|Any CPU = Release|Any CPU
	EndGlobalSection
	GlobalSection(ProjectConfigurationPlatforms) = postSolution
		{C1A49172-BD2D-4CF0-8E32-04B159AF267B}.Debug|Any CPU.ActiveCfg = Debug|Any CPU
		{C1A49172-BD2D-4CF0-8E32-04B159AF267B}.Debug|Any CPU.Build.0 = Debug|Any CPU
		{C1A49172-BD2D-4CF0-8E32-04B159AF267B}.Release|Any CPU.ActiveCfg = Release|Any CPU
		{C1A49172-BD2D-4CF0-8E32-04B159AF267B}.Release|Any CPU.Build.0 = Release|Any CPU
		{F91142F6-738D-4008-A60A-C9C5331EF768}.Debug|Any CPU.ActiveCfg = Debug|Any CPU
		{F91142F6-738D-4008-A60A-C9C5331EF768}.Debug|Any CPU.Build.0 = Debug|Any CPU
		{F91142F6-738D-4008-A60A-C9C5331EF768}.Release|Any CPU.ActiveCfg = Release|Any CPU
		{F91142F6-738D-4008-A60A-C9C5331EF768}.Release|Any CPU.Build.0 = Release|Any CPU
		{226F97F2-86BB-4A9E-8511-96E26C997764}.Debug|Any CPU.ActiveCfg = Debug|Any CPU
		{226F97F2-86BB-4A9E-8511-96E26C997764}.Debug|Any CPU.Build.0 = Debug|Any CPU
		{226F97F2-86BB-4A9E-8511-96E26C997764}.Release|Any CPU.ActiveCfg = Release|Any CPU
		{226F97F2-86BB-4A9E-8511-96E26C997764}.Release|Any CPU.Build.0 = Release|Any CPU
		{0D416424-A741-469F-955F-690BAE722FD4}.Debug|Any CPU.ActiveCfg = Debug|Any CPU
		{0D416424-A741-469F-955F-690BAE722FD4}.Debug|Any CPU.Build.0 = Debug|Any CPU
		{0D416424-A741-469F-955F-690BAE722FD4}.Release|Any CPU.ActiveCfg = Release|Any CPU
		{0D416424-A741-469F-955F-690BAE722FD4}.Release|Any CPU.Build.0 = Release|Any CPU
	EndGlobalSection
	GlobalSection(SolutionProperties) = preSolution
		HideSolutionNode = FALSE
	EndGlobalSection
	GlobalSection(NestedProjects) = preSolution
		{C1A49172-BD2D-4CF0-8E32-04B159AF267B} = {413D38BB-5E56-460E-9E51-0B758902A68A}
		{413D38BB-5E56-460E-9E51-0B758902A68A} = {15F646B7-CA18-4E33-9B73-82B637A7161A}
		{6E441091-3DC0-4C8B-881D-DFB8052C1903} = {15F646B7-CA18-4E33-9B73-82B637A7161A}
		{F91142F6-738D-4008-A60A-C9C5331EF768} = {6E441091-3DC0-4C8B-881D-DFB8052C1903}
		{C99EAAEA-35F6-4721-9A2D-D8F575A4E21C} = {CFE22C75-5830-4247-9F30-1BA43CF4814A}
		{226F97F2-86BB-4A9E-8511-96E26C997764} = {C99EAAEA-35F6-4721-9A2D-D8F575A4E21C}
		{9D6B7671-B5A4-4CDA-BCA6-9170DD09182E} = {7DC19C87-BD88-4CCB-80A0-4BBE9CFF9E8A}
		{45900A17-0208-467C-9E86-8D4066AAAE17} = {7DC19C87-BD88-4CCB-80A0-4BBE9CFF9E8A}
		{0D416424-A741-469F-955F-690BAE722FD4} = {9D6B7671-B5A4-4CDA-BCA6-9170DD09182E}
		{DC5722BC-1D00-401A-8C96-3AE987B924EE} = {CFE22C75-5830-4247-9F30-1BA43CF4814A}
	EndGlobalSection
	GlobalSection(ExtensibilityGlobals) = postSolution
		SolutionGuid = {7F5EE83C-4451-4911-A324-1A44917823B3}
	EndGlobalSection
EndGlobal
